github.com/carlmjohnson/exitcode v0.0.4 h1:C5c0GBs/1iuo5cKIHBHdBQVENeAmgPZcyXtqBKCe5i0=
github.com/carlmjohnson/exitcode v0.0.4/go.mod h1:MZ6ThCDx517DQcrpYnnns1pLh8onjFl+B/AsrOrdmpc=
github.com/carlmjohnson/flagext v0.0.4 h1:hNn1ZgoD+kUnKPJGXZv3oPfYwWUnZjzeie+bQ+nh+5A=
github.com/carlmjohnson/flagext v0.0.4/go.mod h1:dg/yd3ze75o3frOmgsPvEG3UnH0pEzdAOx62p6TTuYc=
